
Microsoft Visual Studio Solution File, Format Version 12.00
# Visual Studio Version 17
VisualStudioVersion = 17.7.34024.191
MinimumVisualStudioVersion = 10.0.40219.1
Project("{FAE04EC0-301F-11D3-BF4B-00C04F79EFBC}") = "PruebaInfodesingBackend.Api", "PruebaInfodesingBackend.Api\PruebaInfodesingBackend.Api.csproj", "{48BF5374-4067-46B5-A35C-F9366970724E}"
EndProject
Project("{FAE04EC0-301F-11D3-BF4B-00C04F79EFBC}") = "PruebaInfodesingBackend.Models", "PruebaInfodesingBackend.Models\PruebaInfodesingBackend.Models.csproj", "{9CADDAA5-5FE0-4AF3-BBE8-7B0C7DEC4525}"
EndProject
Project("{FAE04EC0-301F-11D3-BF4B-00C04F79EFBC}") = "PruebaInfodesingBackend.DAL", "PruebaInfodesingBackend.DALL\PruebaInfodesingBackend.DAL.csproj", "{B36E5618-3579-4AFB-BAEE-D07FDE9D94A0}"
EndProject
Project("{FAE04EC0-301F-11D3-BF4B-00C04F79EFBC}") = "PruebaInfodesingBackend.BLL", "PruebaInfodesingBackend.BL\PruebaInfodesingBackend.BLL.csproj", "{A1E47936-A3C0-4FE6-AEA6-AC69EEFE3F1F}"
EndProject
Global
	GlobalSection(SolutionConfigurationPlatforms) = preSolution
		Debug|Any CPU = Debug|Any CPU
		Release|Any CPU = Release|Any CPU
	EndGlobalSection
	GlobalSection(ProjectConfigurationPlatforms) = postSolution
		{48BF5374-4067-46B5-A35C-F9366970724E}.Debug|Any CPU.ActiveCfg = Debug|Any CPU
		{48BF5374-4067-46B5-A35C-F9366970724E}.Debug|Any CPU.Build.0 = Debug|Any CPU
		{48BF5374-4067-46B5-A35C-F9366970724E}.Release|Any CPU.ActiveCfg = Release|Any CPU
		{48BF5374-4067-46B5-A35C-F9366970724E}.Release|Any CPU.Build.0 = Release|Any CPU
		{9CADDAA5-5FE0-4AF3-BBE8-7B0C7DEC4525}.Debug|Any CPU.ActiveCfg = Debug|Any CPU
		{9CADDAA5-5FE0-4AF3-BBE8-7B0C7DEC4525}.Debug|Any CPU.Build.0 = Debug|Any CPU
		{9CADDAA5-5FE0-4AF3-BBE8-7B0C7DEC4525}.Release|Any CPU.ActiveCfg = Release|Any CPU
		{9CADDAA5-5FE0-4AF3-BBE8-7B0C7DEC4525}.Release|Any CPU.Build.0 = Release|Any CPU
		{B36E5618-3579-4AFB-BAEE-D07FDE9D94A0}.Debug|Any CPU.ActiveCfg = Debug|Any CPU
		{B36E5618-3579-4AFB-BAEE-D07FDE9D94A0}.Debug|Any CPU.Build.0 = Debug|Any CPU
		{B36E5618-3579-4AFB-BAEE-D07FDE9D94A0}.Release|Any CPU.ActiveCfg = Release|Any CPU
		{B36E5618-3579-4AFB-BAEE-D07FDE9D94A0}.Release|Any CPU.Build.0 = Release|Any CPU
		{A1E47936-A3C0-4FE6-AEA6-AC69EEFE3F1F}.Debug|Any CPU.ActiveCfg = Debug|Any CPU
		{A1E47936-A3C0-4FE6-AEA6-AC69EEFE3F1F}.Debug|Any CPU.Build.0 = Debug|Any CPU
		{A1E47936-A3C0-4FE6-AEA6-AC69EEFE3F1F}.Release|Any CPU.ActiveCfg = Release|Any CPU
		{A1E47936-A3C0-4FE6-AEA6-AC69EEFE3F1F}.Release|Any CPU.Build.0 = Release|Any CPU
	EndGlobalSection
	GlobalSection(SolutionProperties) = preSolution
		HideSolutionNode = FALSE
	EndGlobalSection
	GlobalSection(ExtensibilityGlobals) = postSolution
		SolutionGuid = {A223DF7C-4D1B-417C-AD7A-0DAF7D8A77DF}
	EndGlobalSection
EndGlobal
